<?xml version="1.0" encoding="UTF-8" standalone="yes" ?>
<CodeBlocks_project_file>
	<FileVersion major="1" minor="6" />
	<Project>
		<Option title="cb" />
		<Option pch_mode="2" />
		<Option compiler="gcc" />
		<Build>
			<Target title="Release">
				<Option output="../../../Taskbar" prefix_auto="1" extension_auto="1" />
				<Option object_output="obj/Release/" />
				<Option type="0" />
				<Option compiler="gcc" />
				<Option projectCompilerOptionsRelation="1" />
				<Option projectLinkerOptionsRelation="2" />
				<Compiler>
					<Add option="-O2" />
					<Add option="-g" />
					<Add option="-g2" />
					<Add option="`wx-config --cflags`" />
					<Add option="`pkg-config --cflags gtk+-2.0`" />
					<Add option="-I /usr/local/include/whiteHawk/system/" />
				</Compiler>
				<Linker>
					<Add option="-s" />
					<Add option="`wx-config --libs`" />
					<Add option="`pkg-config --libs gtk+-2.0`" />
					<Add library="whsystem" />
					<Add library="tar" />
					<Add library="zzip" />
				</Linker>
			</Target>
		</Build>
		<Compiler>
			<Add option="-Wall" />
			<Add option="-pg" />
			<Add option="-g" />
			<Add option="`wx-config --cflags`" />
		</Compiler>
		<Linker>
			<Add option="-pg" />
			<Add option="`wx-config --libs`" />
		</Linker>
		<Unit filename="../../ClientButton.cpp" />
		<Unit filename="../../ClientButton.hh" />
		<Unit filename="../../Clock.cpp" />
		<Unit filename="../../Clock.hh" />
		<Unit filename="../../DeskController.cpp" />
		<Unit filename="../../DeskController.hh" />
		<Unit filename="../../DeskCtrl.cpp" />
		<Unit filename="../../DeskCtrl.hh" />
		<Unit filename="../../DockPanel.cpp" />
		<Unit filename="../../DockPanel.hh" />
		<Unit filename="../../RunFrame.cpp" />
		<Unit filename="../../RunFrame.hh" />
		<Unit filename="../../TaskBar.cpp" />
		<Unit filename="../../TaskBar.hh" />
		<Unit filename="../../TrayPanel.cpp" />
		<Unit filename="../../TrayPanel.hh" />
		<Unit filename="../../WMEventListener.hh" />
		<Unit filename="../../WhiteHawkBar.cpp" />
		<Unit filename="../../WhiteHawkBar.hh" />
		<Unit filename="../../WhiteHawkMenuFrame.cpp" />
		<Unit filename="../../WhiteHawkMenuFrame.hh" />
		<Unit filename="../../WindowController.cpp" />
		<Unit filename="../../WindowController.hh" />
		<Unit filename="../../WindowEventManager.cpp" />
		<Unit filename="../../WindowEventManager.hh" />
		<Unit filename="../../WindowList.cpp" />
		<Unit filename="../../WindowList.hh" />
		<Unit filename="../../WindowManager.cpp" />
		<Unit filename="../../WindowManager.hh" />
		<Unit filename="../../wxCircleButton.cpp" />
		<Unit filename="../../wxCircleButton.hh" />
		<Unit filename="../../wxCircleToggleButton.cpp" />
		<Unit filename="../../wxCircleToggleButton.hh" />
		<Extensions>
			<code_completion />
			<debugger />
		</Extensions>
	</Project>
</CodeBlocks_project_file>
