<?xml version="1.0" encoding="UTF-8" standalone="yes" ?>
<CodeBlocks_project_file>
	<FileVersion major="1" minor="6" />
	<Project>
		<Option title="whiteCalc" />
		<Option makefile_is_custom="1" />
		<Option pch_mode="2" />
		<Option compiler="gcc" />
		<Build>
			<Target title="Release">
				<Option output="whiteCalc" prefix_auto="0" extension_auto="0" />
				<Option working_dir="/home/darkhawk665/distro/DeskApps/Accesories/whiteCalc/" />
				<Option object_output="./" />
				<Option type="0" />
				<Option compiler="gcc" />
				<Compiler>
					<Add option="-O2" />
				</Compiler>
				<Linker>
					<Add option="-s" />
				</Linker>
			</Target>
		</Build>
		<Compiler>
			<Add option="-Wall" />
		</Compiler>
		<Unit filename="src/CalcFrame.cpp" />
		<Unit filename="src/CalcFrame.h" />
		<Unit filename="src/CalcInterpreter.cpp" />
		<Unit filename="src/CalcInterpreter.h" />
		<Unit filename="src/WhiteCalc.cpp" />
		<Unit filename="src/muparser/muParser.cpp" />
		<Unit filename="src/muparser/muParser.h" />
		<Unit filename="src/muparser/muParserBase.cpp" />
		<Unit filename="src/muparser/muParserBase.h" />
		<Unit filename="src/muparser/muParserBytecode.cpp" />
		<Unit filename="src/muparser/muParserBytecode.h" />
		<Unit filename="src/muparser/muParserCallback.cpp" />
		<Unit filename="src/muparser/muParserCallback.h" />
		<Unit filename="src/muparser/muParserComplex.cpp" />
		<Unit filename="src/muparser/muParserComplex.h" />
		<Unit filename="src/muparser/muParserDLL.cpp" />
		<Unit filename="src/muparser/muParserDLL.h" />
		<Unit filename="src/muparser/muParserDef.h" />
		<Unit filename="src/muparser/muParserError.cpp" />
		<Unit filename="src/muparser/muParserError.h" />
		<Unit filename="src/muparser/muParserFixes.h" />
		<Unit filename="src/muparser/muParserInt.cpp" />
		<Unit filename="src/muparser/muParserInt.h" />
		<Unit filename="src/muparser/muParserStack.h" />
		<Unit filename="src/muparser/muParserTest.cpp" />
		<Unit filename="src/muparser/muParserTest.h" />
		<Unit filename="src/muparser/muParserToken.h" />
		<Unit filename="src/muparser/muParserTokenReader.cpp" />
		<Unit filename="src/muparser/muParserTokenReader.h" />
		<Unit filename="src/whgmp.cpp" />
		<Extensions>
			<code_completion />
			<debugger />
		</Extensions>
	</Project>
</CodeBlocks_project_file>
