<?xml version="1.0" encoding="UTF-8" standalone="yes" ?>
<CodeBlocks_project_file>
	<FileVersion major="1" minor="6" />
	<Project>
		<Option title="whmysql" />
		<Option pch_mode="2" />
		<Option compiler="gcc" />
		<Build>
			<Target title="Release">
				<Option output="./libwhmysql" prefix_auto="1" extension_auto="1" />
				<Option working_dir="" />
				<Option object_output="obj/Release/" />
				<Option type="2" />
				<Option compiler="gcc" />
				<Option createDefFile="1" />
				<Compiler>
					<Add option="-O2" />
				</Compiler>
				<Linker>
					<Add option="-s" />
				</Linker>
			</Target>
		</Build>
		<Compiler>
			<Add option="-Wall" />
		</Compiler>
		<Unit filename="../src/SQLError.cpp" />
		<Unit filename="../src/SQLError.hh" />
		<Unit filename="../src/SQLErrorHandler.cpp" />
		<Unit filename="../src/SQLErrorHandler.hh" />
		<Unit filename="../src/SQLInstance.cpp" />
		<Unit filename="../src/SQLInstance.hh" />
		<Unit filename="../src/SQLQuery.cpp" />
		<Unit filename="../src/SQLQuery.hh" />
		<Unit filename="../src/SQLResult.cpp" />
		<Unit filename="../src/SQLResult.hh" />
		<Unit filename="../src/SQLResultCol.cpp" />
		<Unit filename="../src/SQLResultCol.hh" />
		<Unit filename="../src/SQLResultRow.cpp">
			<Option compile="0" />
			<Option link="0" />
		</Unit>
		<Unit filename="../src/SQLResultRow.hh" />
		<Unit filename="../src/SQLServerSession.cpp" />
		<Unit filename="../src/SQLServerSession.hh" />
		<Unit filename="../src/SQLStream.cpp" />
		<Unit filename="../src/SQLStream.hh" />
		<Unit filename="../src/WhSQL.hh" />
		<Extensions>
			<code_completion />
			<debugger />
		</Extensions>
	</Project>
</CodeBlocks_project_file>
